
Microsoft Visual Studio Solution File, Format Version 12.00
# Visual Studio Version 17
VisualStudioVersion = 17.13.35828.75 d17.13
MinimumVisualStudioVersion = 10.0.40219.1
Project("{FAE04EC0-301F-11D3-BF4B-00C04F79EFBC}") = "CurrencyConverter", "CurrencyConverter.csproj", "{6DD15A40-3035-4083-BAA2-DCAFA18665BF}"
EndProject
Global
	GlobalSection(SolutionConfigurationPlatforms) = preSolution
		Debug|Any CPU = Debug|Any CPU
		Release|Any CPU = Release|Any CPU
	EndGlobalSection
	GlobalSection(ProjectConfigurationPlatforms) = postSolution
		{6DD15A40-3035-4083-BAA2-DCAFA18665BF}.Debug|Any CPU.ActiveCfg = Debug|Any CPU
		{6DD15A40-3035-4083-BAA2-DCAFA18665BF}.Debug|Any CPU.Build.0 = Debug|Any CPU
		{6DD15A40-3035-4083-BAA2-DCAFA18665BF}.Release|Any CPU.ActiveCfg = Release|Any CPU
		{6DD15A40-3035-4083-BAA2-DCAFA18665BF}.Release|Any CPU.Build.0 = Release|Any CPU
	EndGlobalSection
	GlobalSection(SolutionProperties) = preSolution
		HideSolutionNode = FALSE
	EndGlobalSection
	GlobalSection(ExtensibilityGlobals) = postSolution
		SolutionGuid = {3797817B-7B81-420D-84C7-29B8AB6C61EB}
	EndGlobalSection
EndGlobal
